
Microsoft Visual Studio Solution File, Format Version 12.00
# Visual Studio Version 17
VisualStudioVersion = 17.9.34622.214
MinimumVisualStudioVersion = 10.0.40219.1
Project("{9A19103F-16F7-4668-BE54-9A1E7A4F7556}") = "CactusPie.Palworld.DisableBuildingRestrictions", "CactusPie.Palworld.DisableBuildingRestrictions\CactusPie.Palworld.DisableBuildingRestrictions.csproj", "{4896B6D4-BA9E-456A-A10E-3AB2ECB18DBA}"
EndProject
Project("{9A19103F-16F7-4668-BE54-9A1E7A4F7556}") = "Memory", "deps\memory\Memory\Memory.csproj", "{496FA322-0A56-414F-933C-84D0952CECEC}"
EndProject
Project("{2150E333-8FDC-42A3-9474-1A3956D46DE8}") = "deps", "deps", "{E9D22BD6-63A3-4799-92C0-15225D1A6547}"
EndProject
Global
	GlobalSection(SolutionConfigurationPlatforms) = preSolution
		Debug|Any CPU = Debug|Any CPU
		Debug|x64 = Debug|x64
		Debug|x86 = Debug|x86
		Release|Any CPU = Release|Any CPU
		Release|x64 = Release|x64
		Release|x86 = Release|x86
	EndGlobalSection
	GlobalSection(ProjectConfigurationPlatforms) = postSolution
		{4896B6D4-BA9E-456A-A10E-3AB2ECB18DBA}.Debug|Any CPU.ActiveCfg = Debug|Any CPU
		{4896B6D4-BA9E-456A-A10E-3AB2ECB18DBA}.Debug|Any CPU.Build.0 = Debug|Any CPU
		{4896B6D4-BA9E-456A-A10E-3AB2ECB18DBA}.Debug|x64.ActiveCfg = Debug|Any CPU
		{4896B6D4-BA9E-456A-A10E-3AB2ECB18DBA}.Debug|x64.Build.0 = Debug|Any CPU
		{4896B6D4-BA9E-456A-A10E-3AB2ECB18DBA}.Debug|x86.ActiveCfg = Debug|Any CPU
		{4896B6D4-BA9E-456A-A10E-3AB2ECB18DBA}.Release|Any CPU.ActiveCfg = Release|Any CPU
		{4896B6D4-BA9E-456A-A10E-3AB2ECB18DBA}.Release|Any CPU.Build.0 = Release|Any CPU
		{4896B6D4-BA9E-456A-A10E-3AB2ECB18DBA}.Release|x64.ActiveCfg = Release|Any CPU
		{4896B6D4-BA9E-456A-A10E-3AB2ECB18DBA}.Release|x64.Build.0 = Release|Any CPU
		{4896B6D4-BA9E-456A-A10E-3AB2ECB18DBA}.Release|x86.ActiveCfg = Release|Any CPU
		{496FA322-0A56-414F-933C-84D0952CECEC}.Debug|Any CPU.ActiveCfg = Debug|x64
		{496FA322-0A56-414F-933C-84D0952CECEC}.Debug|Any CPU.Build.0 = Debug|x64
		{496FA322-0A56-414F-933C-84D0952CECEC}.Debug|x64.ActiveCfg = Debug|x64
		{496FA322-0A56-414F-933C-84D0952CECEC}.Debug|x64.Build.0 = Debug|x64
		{496FA322-0A56-414F-933C-84D0952CECEC}.Debug|x86.ActiveCfg = Debug|x86
		{496FA322-0A56-414F-933C-84D0952CECEC}.Debug|x86.Build.0 = Debug|x86
		{496FA322-0A56-414F-933C-84D0952CECEC}.Release|Any CPU.ActiveCfg = Release|x64
		{496FA322-0A56-414F-933C-84D0952CECEC}.Release|Any CPU.Build.0 = Release|x64
		{496FA322-0A56-414F-933C-84D0952CECEC}.Release|x64.ActiveCfg = Release|x64
		{496FA322-0A56-414F-933C-84D0952CECEC}.Release|x64.Build.0 = Release|x64
		{496FA322-0A56-414F-933C-84D0952CECEC}.Release|x86.ActiveCfg = Release|x86
		{496FA322-0A56-414F-933C-84D0952CECEC}.Release|x86.Build.0 = Release|x86
	EndGlobalSection
	GlobalSection(SolutionProperties) = preSolution
		HideSolutionNode = FALSE
	EndGlobalSection
	GlobalSection(NestedProjects) = preSolution
		{496FA322-0A56-414F-933C-84D0952CECEC} = {E9D22BD6-63A3-4799-92C0-15225D1A6547}
	EndGlobalSection
	GlobalSection(ExtensibilityGlobals) = postSolution
		SolutionGuid = {CB5094C2-D4D1-48A5-ADF3-8BB90809B294}
	EndGlobalSection
EndGlobal
