Microsoft Visual Studio Solution File, Format Version 12.00
# Visual Studio Version 17
VisualStudioVersion = 17.9.34607.119
MinimumVisualStudioVersion = 10.0.40219.1
Project("{8BC9CEB8-8B4A-11D0-8D11-00A0C91BC942}") = "PalPatcher", "PalPatcher\PalPatcher.vcxproj", "{9592C696-7F58-4352-9B71-22223B526B77}"
EndProject
Global
	GlobalSection(SolutionConfigurationPlatforms) = preSolution
		Debug|x64 = Debug|x64
		Debug|x86 = Debug|x86
		Release|x64 = Release|x64
		Release|x86 = Release|x86
	EndGlobalSection
	GlobalSection(ProjectConfigurationPlatforms) = postSolution
		{9592C696-7F58-4352-9B71-22223B526B77}.Debug|x64.ActiveCfg = Debug|x64
		{9592C696-7F58-4352-9B71-22223B526B77}.Debug|x64.Build.0 = Debug|x64
		{9592C696-7F58-4352-9B71-22223B526B77}.Debug|x86.ActiveCfg = Debug|Win32
		{9592C696-7F58-4352-9B71-22223B526B77}.Debug|x86.Build.0 = Debug|Win32
		{9592C696-7F58-4352-9B71-22223B526B77}.Release|x64.ActiveCfg = Release|x64
		{9592C696-7F58-4352-9B71-22223B526B77}.Release|x64.Build.0 = Release|x64
		{9592C696-7F58-4352-9B71-22223B526B77}.Release|x86.ActiveCfg = Release|Win32
		{9592C696-7F58-4352-9B71-22223B526B77}.Release|x86.Build.0 = Release|Win32
	EndGlobalSection
	GlobalSection(SolutionProperties) = preSolution
		HideSolutionNode = FALSE
	EndGlobalSection
	GlobalSection(ExtensibilityGlobals) = postSolution
		SolutionGuid = {F7E1F084-5E1F-465D-BC7F-270C54142D56}
	EndGlobalSection
EndGlobal
